// !$*UTF8*$!
{
	archiveVersion = 1;
	classes = {
	};
	objectVersion = 55;
	objects = {

/* Begin PBXBuildFile section */
		1A47909828D9A16F0078D10F /* Model.swift in Sources */ = {isa = PBXBuildFile; fileRef = 1A47909728D9A16F0078D10F /* Model.swift */; };
		1A68E00128D9C86C006C2EB8 /* UILabel+SaveText.swift in Sources */ = {isa = PBXBuildFile; fileRef = 1A68E00028D9C86C006C2EB8 /* UILabel+SaveText.swift */; };
		1A68E00928DAE3D6006C2EB8 /* Calculator_SF_Unit_Tests.swift in Sources */ = {isa = PBXBuildFile; fileRef = 1A68E00828DAE3D6006C2EB8 /* Calculator_SF_Unit_Tests.swift */; };
		1AB6E8DE28D714CA001302B1 /* AppDelegate.swift in Sources */ = {isa = PBXBuildFile; fileRef = 1AB6E8DD28D714CA001302B1 /* AppDelegate.swift */; };
		1AB6E8E028D714CA001302B1 /* SceneDelegate.swift in Sources */ = {isa = PBXBuildFile; fileRef = 1AB6E8DF28D714CA001302B1 /* SceneDelegate.swift */; };
		1AB6E8E228D714CA001302B1 /* ViewController.swift in Sources */ = {isa = PBXBuildFile; fileRef = 1AB6E8E128D714CA001302B1 /* ViewController.swift */; };
		1AB6E8E528D714CA001302B1 /* Main.storyboard in Resources */ = {isa = PBXBuildFile; fileRef = 1AB6E8E328D714CA001302B1 /* Main.storyboard */; };
		1AB6E8E728D714CB001302B1 /* Assets.xcassets in Resources */ = {isa = PBXBuildFile; fileRef = 1AB6E8E628D714CB001302B1 /* Assets.xcassets */; };
		1AB6E8EA28D714CB001302B1 /* LaunchScreen.storyboard in Resources */ = {isa = PBXBuildFile; fileRef = 1AB6E8E828D714CB001302B1 /* LaunchScreen.storyboard */; };
/* End PBXBuildFile section */

/* Begin PBXContainerItemProxy section */
		1A68E00A28DAE3D6006C2EB8 /* PBXContainerItemProxy */ = {
			isa = PBXContainerItemProxy;
			containerPortal = 1AB6E8D228D714CA001302B1 /* Project object */;
			proxyType = 1;
			remoteGlobalIDString = 1AB6E8D928D714CA001302B1;
			remoteInfo = Calculator_SF;
		};
/* End PBXContainerItemProxy section */

/* Begin PBXFileReference section */
		1A47909728D9A16F0078D10F /* Model.swift */ = {isa = PBXFileReference; lastKnownFileType = sourcecode.swift; path = Model.swift; sourceTree = "<group>"; };
		1A68E00028D9C86C006C2EB8 /* UILabel+SaveText.swift */ = {isa = PBXFileReference; lastKnownFileType = sourcecode.swift; path = "UILabel+SaveText.swift"; sourceTree = "<group>"; };
		1A68E00628DAE3D6006C2EB8 /* Calculator_SF_Unit_Tests.xctest */ = {isa = PBXFileReference; explicitFileType = wrapper.cfbundle; includeInIndex = 0; path = Calculator_SF_Unit_Tests.xctest; sourceTree = BUILT_PRODUCTS_DIR; };
		1A68E00828DAE3D6006C2EB8 /* Calculator_SF_Unit_Tests.swift */ = {isa = PBXFileReference; lastKnownFileType = sourcecode.swift; path = Calculator_SF_Unit_Tests.swift; sourceTree = "<group>"; };
		1AB6E8DA28D714CA001302B1 /* Calculator_SF.app */ = {isa = PBXFileReference; explicitFileType = wrapper.application; includeInIndex = 0; path = Calculator_SF.app; sourceTree = BUILT_PRODUCTS_DIR; };
		1AB6E8DD28D714CA001302B1 /* AppDelegate.swift */ = {isa = PBXFileReference; lastKnownFileType = sourcecode.swift; path = AppDelegate.swift; sourceTree = "<group>"; };
		1AB6E8DF28D714CA001302B1 /* SceneDelegate.swift */ = {isa = PBXFileReference; lastKnownFileType = sourcecode.swift; path = SceneDelegate.swift; sourceTree = "<group>"; };
		1AB6E8E128D714CA001302B1 /* ViewController.swift */ = {isa = PBXFileReference; lastKnownFileType = sourcecode.swift; path = ViewController.swift; sourceTree = "<group>"; };
		1AB6E8E428D714CA001302B1 /* Base */ = {isa = PBXFileReference; lastKnownFileType = file.storyboard; name = Base; path = Base.lproj/Main.storyboard; sourceTree = "<group>"; };
		1AB6E8E628D714CB001302B1 /* Assets.xcassets */ = {isa = PBXFileReference; lastKnownFileType = folder.assetcatalog; path = Assets.xcassets; sourceTree = "<group>"; };
		1AB6E8E928D714CB001302B1 /* Base */ = {isa = PBXFileReference; lastKnownFileType = file.storyboard; name = Base; path = Base.lproj/LaunchScreen.storyboard; sourceTree = "<group>"; };
		1AB6E8EB28D714CB001302B1 /* Info.plist */ = {isa = PBXFileReference; lastKnownFileType = text.plist.xml; path = Info.plist; sourceTree = "<group>"; };
/* End PBXFileReference section */

/* Begin PBXFrameworksBuildPhase section */
		1A68E00328DAE3D6006C2EB8 /* Frameworks */ = {
			isa = PBXFrameworksBuildPhase;
			buildActionMask = 2147483647;
			files = (
			);
			runOnlyForDeploymentPostprocessing = 0;
		};
		1AB6E8D728D714CA001302B1 /* Frameworks */ = {
			isa = PBXFrameworksBuildPhase;
			buildActionMask = 2147483647;
			files = (
			);
			runOnlyForDeploymentPostprocessing = 0;
		};
/* End PBXFrameworksBuildPhase section */

/* Begin PBXGroup section */
		1A47909328D9A0A00078D10F /* Controller */ = {
			isa = PBXGroup;
			children = (
				1AB6E8E328D714CA001302B1 /* Main.storyboard */,
				1AB6E8E128D714CA001302B1 /* ViewController.swift */,
			);
			path = Controller;
			sourceTree = "<group>";
		};
		1A47909428D9A0B00078D10F /* SupportingFiles */ = {
			isa = PBXGroup;
			children = (
				1A68DFFF28D9C82C006C2EB8 /* Extentions */,
				1AB6E8DF28D714CA001302B1 /* SceneDelegate.swift */,
				1AB6E8DD28D714CA001302B1 /* AppDelegate.swift */,
				1AB6E8EB28D714CB001302B1 /* Info.plist */,
				1AB6E8E828D714CB001302B1 /* LaunchScreen.storyboard */,
			);
			path = SupportingFiles;
			sourceTree = "<group>";
		};
		1A47909528D9A1020078D10F /* Resources */ = {
			isa = PBXGroup;
			children = (
				1AB6E8E628D714CB001302B1 /* Assets.xcassets */,
			);
			path = Resources;
			sourceTree = "<group>";
		};
		1A47909628D9A1530078D10F /* Model */ = {
			isa = PBXGroup;
			children = (
				1A47909728D9A16F0078D10F /* Model.swift */,
			);
			path = Model;
			sourceTree = "<group>";
		};
		1A68DFFF28D9C82C006C2EB8 /* Extentions */ = {
			isa = PBXGroup;
			children = (
				1A68E00028D9C86C006C2EB8 /* UILabel+SaveText.swift */,
			);
			path = Extentions;
			sourceTree = "<group>";
		};
		1A68E00728DAE3D6006C2EB8 /* Calculator_SF_Unit_Tests */ = {
			isa = PBXGroup;
			children = (
				1A68E00828DAE3D6006C2EB8 /* Calculator_SF_Unit_Tests.swift */,
			);
			path = Calculator_SF_Unit_Tests;
			sourceTree = "<group>";
		};
		1AB6E8D128D714CA001302B1 = {
			isa = PBXGroup;
			children = (
				1AB6E8DC28D714CA001302B1 /* Calculator_SF */,
				1A68E00728DAE3D6006C2EB8 /* Calculator_SF_Unit_Tests */,
				1AB6E8DB28D714CA001302B1 /* Products */,
			);
			sourceTree = "<group>";
		};
		1AB6E8DB28D714CA001302B1 /* Products */ = {
			isa = PBXGroup;
			children = (
				1AB6E8DA28D714CA001302B1 /* Calculator_SF.app */,
				1A68E00628DAE3D6006C2EB8 /* Calculator_SF_Unit_Tests.xctest */,
			);
			name = Products;
			sourceTree = "<group>";
		};
		1AB6E8DC28D714CA001302B1 /* Calculator_SF */ = {
			isa = PBXGroup;
			children = (
				1A47909628D9A1530078D10F /* Model */,
				1A47909328D9A0A00078D10F /* Controller */,
				1A47909428D9A0B00078D10F /* SupportingFiles */,
				1A47909528D9A1020078D10F /* Resources */,
			);
			path = Calculator_SF;
			sourceTree = "<group>";
		};
/* End PBXGroup section */

/* Begin PBXNativeTarget section */
		1A68E00528DAE3D6006C2EB8 /* Calculator_SF_Unit_Tests */ = {
			isa = PBXNativeTarget;
			buildConfigurationList = 1A68E00C28DAE3D6006C2EB8 /* Build configuration list for PBXNativeTarget "Calculator_SF_Unit_Tests" */;
			buildPhases = (
				1A68E00228DAE3D6006C2EB8 /* Sources */,
				1A68E00328DAE3D6006C2EB8 /* Frameworks */,
				1A68E00428DAE3D6006C2EB8 /* Resources */,
			);
			buildRules = (
			);
			dependencies = (
				1A68E00B28DAE3D6006C2EB8 /* PBXTargetDependency */,
			);
			name = Calculator_SF_Unit_Tests;
			productName = Calculator_SF_Unit_Tests;
			productReference = 1A68E00628DAE3D6006C2EB8 /* Calculator_SF_Unit_Tests.xctest */;
			productType = "com.apple.product-type.bundle.unit-test";
		};
		1AB6E8D928D714CA001302B1 /* Calculator_SF */ = {
			isa = PBXNativeTarget;
			buildConfigurationList = 1AB6E8EE28D714CB001302B1 /* Build configuration list for PBXNativeTarget "Calculator_SF" */;
			buildPhases = (
				1AB6E8D628D714CA001302B1 /* Sources */,
				1AB6E8D728D714CA001302B1 /* Frameworks */,
				1AB6E8D828D714CA001302B1 /* Resources */,
				1AB6E8F128D8821C001302B1 /* Swift Lint */,
			);
			buildRules = (
			);
			dependencies = (
			);
			name = Calculator_SF;
			productName = Calculator_SF;
			productReference = 1AB6E8DA28D714CA001302B1 /* Calculator_SF.app */;
			productType = "com.apple.product-type.application";
		};
/* End PBXNativeTarget section */

/* Begin PBXProject section */
		1AB6E8D228D714CA001302B1 /* Project object */ = {
			isa = PBXProject;
			attributes = {
				BuildIndependentTargetsInParallel = 1;
				LastSwiftUpdateCheck = 1340;
				LastUpgradeCheck = 1340;
				TargetAttributes = {
					1A68E00528DAE3D6006C2EB8 = {
						CreatedOnToolsVersion = 13.4.1;
						TestTargetID = 1AB6E8D928D714CA001302B1;
					};
					1AB6E8D928D714CA001302B1 = {
						CreatedOnToolsVersion = 13.4.1;
					};
				};
			};
			buildConfigurationList = 1AB6E8D528D714CA001302B1 /* Build configuration list for PBXProject "Calculator_SF" */;
			compatibilityVersion = "Xcode 13.0";
			developmentRegion = en;
			hasScannedForEncodings = 0;
			knownRegions = (
				en,
				Base,
			);
			mainGroup = 1AB6E8D128D714CA001302B1;
			productRefGroup = 1AB6E8DB28D714CA001302B1 /* Products */;
			projectDirPath = "";
			projectRoot = "";
			targets = (
				1AB6E8D928D714CA001302B1 /* Calculator_SF */,
				1A68E00528DAE3D6006C2EB8 /* Calculator_SF_Unit_Tests */,
			);
		};
/* End PBXProject section */

/* Begin PBXResourcesBuildPhase section */
		1A68E00428DAE3D6006C2EB8 /* Resources */ = {
			isa = PBXResourcesBuildPhase;
			buildActionMask = 2147483647;
			files = (
			);
			runOnlyForDeploymentPostprocessing = 0;
		};
		1AB6E8D828D714CA001302B1 /* Resources */ = {
			isa = PBXResourcesBuildPhase;
			buildActionMask = 2147483647;
			files = (
				1AB6E8EA28D714CB001302B1 /* LaunchScreen.storyboard in Resources */,
				1AB6E8E728D714CB001302B1 /* Assets.xcassets in Resources */,
				1AB6E8E528D714CA001302B1 /* Main.storyboard in Resources */,
			);
			runOnlyForDeploymentPostprocessing = 0;
		};
/* End PBXResourcesBuildPhase section */

/* Begin PBXShellScriptBuildPhase section */
		1AB6E8F128D8821C001302B1 /* Swift Lint */ = {
			isa = PBXShellScriptBuildPhase;
			buildActionMask = 2147483647;
			files = (
			);
			inputFileListPaths = (
			);
			inputPaths = (
			);
			name = "Swift Lint";
			outputFileListPaths = (
			);
			outputPaths = (
			);
			runOnlyForDeploymentPostprocessing = 0;
			shellPath = /bin/sh;
			shellScript = "if which swiftlint >/dev/null; then\n  swiftlint\nelse\n  echo \"error: SwiftLint does not exist, download it from https://github.com/realm/SwiftLint\"\n  exit 1\nfi\n";
		};
/* End PBXShellScriptBuildPhase section */

/* Begin PBXSourcesBuildPhase section */
		1A68E00228DAE3D6006C2EB8 /* Sources */ = {
			isa = PBXSourcesBuildPhase;
			buildActionMask = 2147483647;
			files = (
				1A68E00928DAE3D6006C2EB8 /* Calculator_SF_Unit_Tests.swift in Sources */,
			);
			runOnlyForDeploymentPostprocessing = 0;
		};
		1AB6E8D628D714CA001302B1 /* Sources */ = {
			isa = PBXSourcesBuildPhase;
			buildActionMask = 2147483647;
			files = (
				1AB6E8E228D714CA001302B1 /* ViewController.swift in Sources */,
				1AB6E8DE28D714CA001302B1 /* AppDelegate.swift in Sources */,
				1A68E00128D9C86C006C2EB8 /* UILabel+SaveText.swift in Sources */,
				1AB6E8E028D714CA001302B1 /* SceneDelegate.swift in Sources */,
				1A47909828D9A16F0078D10F /* Model.swift in Sources */,
			);
			runOnlyForDeploymentPostprocessing = 0;
		};
/* End PBXSourcesBuildPhase section */

/* Begin PBXTargetDependency section */
		1A68E00B28DAE3D6006C2EB8 /* PBXTargetDependency */ = {
			isa = PBXTargetDependency;
			target = 1AB6E8D928D714CA001302B1 /* Calculator_SF */;
			targetProxy = 1A68E00A28DAE3D6006C2EB8 /* PBXContainerItemProxy */;
		};
/* End PBXTargetDependency section */

/* Begin PBXVariantGroup section */
		1AB6E8E328D714CA001302B1 /* Main.storyboard */ = {
			isa = PBXVariantGroup;
			children = (
				1AB6E8E428D714CA001302B1 /* Base */,
			);
			name = Main.storyboard;
			sourceTree = "<group>";
		};
		1AB6E8E828D714CB001302B1 /* LaunchScreen.storyboard */ = {
			isa = PBXVariantGroup;
			children = (
				1AB6E8E928D714CB001302B1 /* Base */,
			);
			name = LaunchScreen.storyboard;
			sourceTree = "<group>";
		};
/* End PBXVariantGroup section */

/* Begin XCBuildConfiguration section */
		1A68E00D28DAE3D6006C2EB8 /* Debug */ = {
			isa = XCBuildConfiguration;
			buildSettings = {
				BUNDLE_LOADER = "$(TEST_HOST)";
				CODE_SIGN_STYLE = Automatic;
				CURRENT_PROJECT_VERSION = 1;
				DEVELOPMENT_TEAM = 2TFP9B86SX;
				GENERATE_INFOPLIST_FILE = YES;
				IPHONEOS_DEPLOYMENT_TARGET = 15.5;
				MARKETING_VERSION = 1.0;
				PRODUCT_BUNDLE_IDENTIFIER = "Inan.Calculator-SF-Unit-Tests";
				PRODUCT_NAME = "$(TARGET_NAME)";
				SWIFT_EMIT_LOC_STRINGS = NO;
				SWIFT_VERSION = 5.0;
				TARGETED_DEVICE_FAMILY = "1,2";
				TEST_HOST = "$(BUILT_PRODUCTS_DIR)/Calculator_SF.app/Calculator_SF";
			};
			name = Debug;
		};
		1A68E00E28DAE3D6006C2EB8 /* Release */ = {
			isa = XCBuildConfiguration;
			buildSettings = {
				BUNDLE_LOADER = "$(TEST_HOST)";
				CODE_SIGN_STYLE = Automatic;
				CURRENT_PROJECT_VERSION = 1;
				DEVELOPMENT_TEAM = 2TFP9B86SX;
				GENERATE_INFOPLIST_FILE = YES;
				IPHONEOS_DEPLOYMENT_TARGET = 15.5;
				MARKETING_VERSION = 1.0;
				PRODUCT_BUNDLE_IDENTIFIER = "Inan.Calculator-SF-Unit-Tests";
				PRODUCT_NAME = "$(TARGET_NAME)";
				SWIFT_EMIT_LOC_STRINGS = NO;
				SWIFT_VERSION = 5.0;
				TARGETED_DEVICE_FAMILY = "1,2";
				TEST_HOST = "$(BUILT_PRODUCTS_DIR)/Calculator_SF.app/Calculator_SF";
			};
			name = Release;
		};
		1AB6E8EC28D714CB001302B1 /* Debug */ = {
			isa = XCBuildConfiguration;
			buildSettings = {
				ALWAYS_SEARCH_USER_PATHS = NO;
				CLANG_ANALYZER_NONNULL = YES;
				CLANG_ANALYZER_NUMBER_OBJECT_CONVERSION = YES_AGGRESSIVE;
				CLANG_CXX_LANGUAGE_STANDARD = "gnu++17";
				CLANG_ENABLE_MODULES = YES;
				CLANG_ENABLE_OBJC_ARC = YES;
				CLANG_ENABLE_OBJC_WEAK = YES;
				CLANG_WARN_BLOCK_CAPTURE_AUTORELEASING = YES;
				CLANG_WARN_BOOL_CONVERSION = YES;
				CLANG_WARN_COMMA = YES;
				CLANG_WARN_CONSTANT_CONVERSION = YES;
				CLANG_WARN_DEPRECATED_OBJC_IMPLEMENTATIONS = YES;
				CLANG_WARN_DIRECT_OBJC_ISA_USAGE = YES_ERROR;
				CLANG_WARN_DOCUMENTATION_COMMENTS = YES;
				CLANG_WARN_EMPTY_BODY = YES;
				CLANG_WARN_ENUM_CONVERSION = YES;
				CLANG_WARN_INFINITE_RECURSION = YES;
				CLANG_WARN_INT_CONVERSION = YES;
				CLANG_WARN_NON_LITERAL_NULL_CONVERSION = YES;
				CLANG_WARN_OBJC_IMPLICIT_RETAIN_SELF = YES;
				CLANG_WARN_OBJC_LITERAL_CONVERSION = YES;
				CLANG_WARN_OBJC_ROOT_CLASS = YES_ERROR;
				CLANG_WARN_QUOTED_INCLUDE_IN_FRAMEWORK_HEADER = YES;
				CLANG_WARN_RANGE_LOOP_ANALYSIS = YES;
				CLANG_WARN_STRICT_PROTOTYPES = YES;
				CLANG_WARN_SUSPICIOUS_MOVE = YES;
				CLANG_WARN_UNGUARDED_AVAILABILITY = YES_AGGRESSIVE;
				CLANG_WARN_UNREACHABLE_CODE = YES;
				CLANG_WARN__DUPLICATE_METHOD_MATCH = YES;
				COPY_PHASE_STRIP = NO;
				DEBUG_INFORMATION_FORMAT = dwarf;
				ENABLE_STRICT_OBJC_MSGSEND = YES;
				ENABLE_TESTABILITY = YES;
				GCC_C_LANGUAGE_STANDARD = gnu11;
				GCC_DYNAMIC_NO_PIC = NO;
				GCC_NO_COMMON_BLOCKS = YES;
				GCC_OPTIMIZATION_LEVEL = 0;
				GCC_PREPROCESSOR_DEFINITIONS = (
					"DEBUG=1",
					"$(inherited)",
				);
				GCC_WARN_64_TO_32_BIT_CONVERSION = YES;
				GCC_WARN_ABOUT_RETURN_TYPE = YES_ERROR;
				GCC_WARN_UNDECLARED_SELECTOR = YES;
				GCC_WARN_UNINITIALIZED_AUTOS = YES_AGGRESSIVE;
				GCC_WARN_UNUSED_FUNCTION = YES;
				GCC_WARN_UNUSED_VARIABLE = YES;
				IPHONEOS_DEPLOYMENT_TARGET = 13.0;
				MTL_ENABLE_DEBUG_INFO = INCLUDE_SOURCE;
				MTL_FAST_MATH = YES;
				ONLY_ACTIVE_ARCH = YES;
				SDKROOT = iphoneos;
				SWIFT_ACTIVE_COMPILATION_CONDITIONS = DEBUG;
				SWIFT_OPTIMIZATION_LEVEL = "-Onone";
			};
			name = Debug;
		};
		1AB6E8ED28D714CB001302B1 /* Release */ = {
			isa = XCBuildConfiguration;
			buildSettings = {
				ALWAYS_SEARCH_USER_PATHS = NO;
				CLANG_ANALYZER_NONNULL = YES;
				CLANG_ANALYZER_NUMBER_OBJECT_CONVERSION = YES_AGGRESSIVE;
				CLANG_CXX_LANGUAGE_STANDARD = "gnu++17";
				CLANG_ENABLE_MODULES = YES;
				CLANG_ENABLE_OBJC_ARC = YES;
				CLANG_ENABLE_OBJC_WEAK = YES;
				CLANG_WARN_BLOCK_CAPTURE_AUTORELEASING = YES;
				CLANG_WARN_BOOL_CONVERSION = YES;
				CLANG_WARN_COMMA = YES;
				CLANG_WARN_CONSTANT_CONVERSION = YES;
				CLANG_WARN_DEPRECATED_OBJC_IMPLEMENTATIONS = YES;
				CLANG_WARN_DIRECT_OBJC_ISA_USAGE = YES_ERROR;
				CLANG_WARN_DOCUMENTATION_COMMENTS = YES;
				CLANG_WARN_EMPTY_BODY = YES;
				CLANG_WARN_ENUM_CONVERSION = YES;
				CLANG_WARN_INFINITE_RECURSION = YES;
				CLANG_WARN_INT_CONVERSION = YES;
				CLANG_WARN_NON_LITERAL_NULL_CONVERSION = YES;
				CLANG_WARN_OBJC_IMPLICIT_RETAIN_SELF = YES;
				CLANG_WARN_OBJC_LITERAL_CONVERSION = YES;
				CLANG_WARN_OBJC_ROOT_CLASS = YES_ERROR;
				CLANG_WARN_QUOTED_INCLUDE_IN_FRAMEWORK_HEADER = YES;
				CLANG_WARN_RANGE_LOOP_ANALYSIS = YES;
				CLANG_WARN_STRICT_PROTOTYPES = YES;
				CLANG_WARN_SUSPICIOUS_MOVE = YES;
				CLANG_WARN_UNGUARDED_AVAILABILITY = YES_AGGRESSIVE;
				CLANG_WARN_UNREACHABLE_CODE = YES;
				CLANG_WARN__DUPLICATE_METHOD_MATCH = YES;
				COPY_PHASE_STRIP = NO;
				DEBUG_INFORMATION_FORMAT = "dwarf-with-dsym";
				ENABLE_NS_ASSERTIONS = NO;
				ENABLE_STRICT_OBJC_MSGSEND = YES;
				GCC_C_LANGUAGE_STANDARD = gnu11;
				GCC_NO_COMMON_BLOCKS = YES;
				GCC_WARN_64_TO_32_BIT_CONVERSION = YES;
				GCC_WARN_ABOUT_RETURN_TYPE = YES_ERROR;
				GCC_WARN_UNDECLARED_SELECTOR = YES;
				GCC_WARN_UNINITIALIZED_AUTOS = YES_AGGRESSIVE;
				GCC_WARN_UNUSED_FUNCTION = YES;
				GCC_WARN_UNUSED_VARIABLE = YES;
				IPHONEOS_DEPLOYMENT_TARGET = 13.0;
				MTL_ENABLE_DEBUG_INFO = NO;
				MTL_FAST_MATH = YES;
				SDKROOT = iphoneos;
				SWIFT_COMPILATION_MODE = wholemodule;
				SWIFT_OPTIMIZATION_LEVEL = "-O";
				VALIDATE_PRODUCT = YES;
			};
			name = Release;
		};
		1AB6E8EF28D714CB001302B1 /* Debug */ = {
			isa = XCBuildConfiguration;
			buildSettings = {
				ASSETCATALOG_COMPILER_APPICON_NAME = AppIcon;
				ASSETCATALOG_COMPILER_GLOBAL_ACCENT_COLOR_NAME = AccentColor;
				CODE_SIGN_STYLE = Automatic;
				CURRENT_PROJECT_VERSION = 1;
				DEVELOPMENT_TEAM = 2TFP9B86SX;
				GENERATE_INFOPLIST_FILE = YES;
				INFOPLIST_FILE = Calculator_SF/SupportingFiles/Info.plist;
				INFOPLIST_KEY_UIApplicationSupportsIndirectInputEvents = YES;
				INFOPLIST_KEY_UILaunchStoryboardName = LaunchScreen;
				INFOPLIST_KEY_UIMainStoryboardFile = Main;
				INFOPLIST_KEY_UISupportedInterfaceOrientations_iPad = "UIInterfaceOrientationPortrait UIInterfaceOrientationPortraitUpsideDown UIInterfaceOrientationLandscapeLeft UIInterfaceOrientationLandscapeRight";
				INFOPLIST_KEY_UISupportedInterfaceOrientations_iPhone = "UIInterfaceOrientationPortrait UIInterfaceOrientationLandscapeLeft UIInterfaceOrientationLandscapeRight";
				LD_RUNPATH_SEARCH_PATHS = (
					"$(inherited)",
					"@executable_path/Frameworks",
				);
				MARKETING_VERSION = 1.0;
				PRODUCT_BUNDLE_IDENTIFIER = "Inan.Calculator-SF";
				PRODUCT_NAME = "$(TARGET_NAME)";
				SWIFT_EMIT_LOC_STRINGS = YES;
				SWIFT_VERSION = 5.0;
				TARGETED_DEVICE_FAMILY = "1,2";
			};
			name = Debug;
		};
		1AB6E8F028D714CB001302B1 /* Release */ = {
			isa = XCBuildConfiguration;
			buildSettings = {
				ASSETCATALOG_COMPILER_APPICON_NAME = AppIcon;
				ASSETCATALOG_COMPILER_GLOBAL_ACCENT_COLOR_NAME = AccentColor;
				CODE_SIGN_STYLE = Automatic;
				CURRENT_PROJECT_VERSION = 1;
				DEVELOPMENT_TEAM = 2TFP9B86SX;
				GENERATE_INFOPLIST_FILE = YES;
				INFOPLIST_FILE = Calculator_SF/SupportingFiles/Info.plist;
				INFOPLIST_KEY_UIApplicationSupportsIndirectInputEvents = YES;
				INFOPLIST_KEY_UILaunchStoryboardName = LaunchScreen;
				INFOPLIST_KEY_UIMainStoryboardFile = Main;
				INFOPLIST_KEY_UISupportedInterfaceOrientations_iPad = "UIInterfaceOrientationPortrait UIInterfaceOrientationPortraitUpsideDown UIInterfaceOrientationLandscapeLeft UIInterfaceOrientationLandscapeRight";
				INFOPLIST_KEY_UISupportedInterfaceOrientations_iPhone = "UIInterfaceOrientationPortrait UIInterfaceOrientationLandscapeLeft UIInterfaceOrientationLandscapeRight";
				LD_RUNPATH_SEARCH_PATHS = (
					"$(inherited)",
					"@executable_path/Frameworks",
				);
				MARKETING_VERSION = 1.0;
				PRODUCT_BUNDLE_IDENTIFIER = "Inan.Calculator-SF";
				PRODUCT_NAME = "$(TARGET_NAME)";
				SWIFT_EMIT_LOC_STRINGS = YES;
				SWIFT_VERSION = 5.0;
				TARGETED_DEVICE_FAMILY = "1,2";
			};
			name = Release;
		};
/* End XCBuildConfiguration section */

/* Begin XCConfigurationList section */
		1A68E00C28DAE3D6006C2EB8 /* Build configuration list for PBXNativeTarget "Calculator_SF_Unit_Tests" */ = {
			isa = XCConfigurationList;
			buildConfigurations = (
				1A68E00D28DAE3D6006C2EB8 /* Debug */,
				1A68E00E28DAE3D6006C2EB8 /* Release */,
			);
			defaultConfigurationIsVisible = 0;
			defaultConfigurationName = Release;
		};
		1AB6E8D528D714CA001302B1 /* Build configuration list for PBXProject "Calculator_SF" */ = {
			isa = XCConfigurationList;
			buildConfigurations = (
				1AB6E8EC28D714CB001302B1 /* Debug */,
				1AB6E8ED28D714CB001302B1 /* Release */,
			);
			defaultConfigurationIsVisible = 0;
			defaultConfigurationName = Release;
		};
		1AB6E8EE28D714CB001302B1 /* Build configuration list for PBXNativeTarget "Calculator_SF" */ = {
			isa = XCConfigurationList;
			buildConfigurations = (
				1AB6E8EF28D714CB001302B1 /* Debug */,
				1AB6E8F028D714CB001302B1 /* Release */,
			);
			defaultConfigurationIsVisible = 0;
			defaultConfigurationName = Release;
		};
/* End XCConfigurationList section */
	};
	rootObject = 1AB6E8D228D714CA001302B1 /* Project object */;
}
